
Microsoft Visual Studio Solution File, Format Version 12.00
# Visual Studio Version 17
VisualStudioVersion = 17.0.31903.59
MinimumVisualStudioVersion = 10.0.40219.1
Project("{2150E333-8FDC-42A3-9474-1A3956D46DE8}") = "src", "src", "{6FE06877-DD19-49BA-A31A-9796883358F4}"
EndProject
Project("{FAE04EC0-301F-11D3-BF4B-00C04F79EFBC}") = "AppSettingsManager", "src\AppSettingsManager\AppSettingsManager.csproj", "{2D1DF161-CA9D-47AA-A4C8-59AE075A2A0C}"
EndProject
Global
	GlobalSection(SolutionConfigurationPlatforms) = preSolution
		Debug|Any CPU = Debug|Any CPU
		Release|Any CPU = Release|Any CPU
	EndGlobalSection
	GlobalSection(SolutionProperties) = preSolution
		HideSolutionNode = FALSE
	EndGlobalSection
	GlobalSection(ProjectConfigurationPlatforms) = postSolution
		{2D1DF161-CA9D-47AA-A4C8-59AE075A2A0C}.Debug|Any CPU.ActiveCfg = Debug|Any CPU
		{2D1DF161-CA9D-47AA-A4C8-59AE075A2A0C}.Debug|Any CPU.Build.0 = Debug|Any CPU
		{2D1DF161-CA9D-47AA-A4C8-59AE075A2A0C}.Release|Any CPU.ActiveCfg = Release|Any CPU
		{2D1DF161-CA9D-47AA-A4C8-59AE075A2A0C}.Release|Any CPU.Build.0 = Release|Any CPU
	EndGlobalSection
	GlobalSection(NestedProjects) = preSolution
		{2D1DF161-CA9D-47AA-A4C8-59AE075A2A0C} = {6FE06877-DD19-49BA-A31A-9796883358F4}
	EndGlobalSection
EndGlobal
